{
    "_readme": [
        "This file locks the dependencies of your project to a known state",
        "Read more about it at https://getcomposer.org/doc/01-basic-usage.md#installing-dependencies",
        "This file is @generated automatically"
    ],
    "content-hash": "34ee05e464c7119e2ac4a6477f040685",
    "packages": [
        {
            "name": "mikecao/flight",
            "version": "v3.15.2",
            "source": {
                "type": "git",
                "url": "https://github.com/flightphp/core.git",
                "reference": "0abf1b9b169a6d3f1010ab9b1acc0d8fb139be3d"
            },
            "dist": {
                "type": "zip",
                "url": "https://api.github.com/repos/flightphp/core/zipball/0abf1b9b169a6d3f1010ab9b1acc0d8fb139be3d",
                "reference": "0abf1b9b169a6d3f1010ab9b1acc0d8fb139be3d",
                "shasum": ""
            },
            "require": {
                "ext-json": "*",
                "php": ">=7.4"
            },
            "require-dev": {
                "ext-pdo_sqlite": "*",
                "flightphp/container": "^1.0",
                "flightphp/runway": "^0.2.3 || ^1.0",
                "league/container": "^4.2",
                "level-2/dice": "^4.0",
                "phpstan/extension-installer": "^1.4",
                "phpstan/phpstan": "^2.1",
                "phpunit/phpunit": "^9.6",
                "rregeer/phpunit-coverage-check": "^0.3.1",
                "squizlabs/php_codesniffer": "^3.11"
            },
            "suggest": {
                "latte/latte": "Latte template engine",
                "phpstan/phpstan": "PHP Static Analyzer",
                "tracy/tracy": "Tracy debugger"
            },
            "type": "library",
            "autoload": {
                "files": [
                    "flight/autoload.php"
                ]
            },
            "notification-url": "https://packagist.org/downloads/",
            "license": [
                "MIT"
            ],
            "authors": [
                {
                    "name": "Mike Cao",
                    "email": "mike@mikecao.com",
                    "homepage": "http://www.mikecao.com/",
                    "role": "Original Developer"
                },
                {
                    "name": "Franyer Sánchez",
                    "email": "franyeradriansanchez@gmail.com",
                    "homepage": "https://faslatam.42web.io",
                    "role": "Maintainer"
                },
                {
                    "name": "n0nag0n",
                    "email": "n0nag0n@sky-9.com",
                    "role": "Maintainer"
                }
            ],
            "description": "Flight is a fast, simple, extensible framework for PHP. Flight enables you to quickly and easily build RESTful web applications. This is the maintained fork of mikecao/flight",
            "homepage": "http://flightphp.com",
            "support": {
                "issues": "https://github.com/flightphp/core/issues",
                "source": "https://github.com/flightphp/core/tree/v3.15.2"
            },
            "time": "2025-03-15T05:22:55+00:00"
        }
    ],
    "packages-dev": [],
    "aliases": [],
    "minimum-stability": "stable",
    "stability-flags": [],
    "prefer-stable": false,
    "prefer-lowest": false,
    "platform": [],
    "platform-dev": [],
    "plugin-api-version": "2.6.0"
}
